
Microsoft Visual Studio Solution File, Format Version 12.00
# Visual Studio Version 16
VisualStudioVersion = 16.0.30320.27
MinimumVisualStudioVersion = 10.0.40219.1
Project("{9A19103F-16F7-4668-BE54-9A1E7A4F7556}") = "Lecture1b", "Lecture2\Lecture1b.csproj", "{5CAE94D8-0675-4A0F-886D-1A73E6F1EDA9}"
EndProject
Project("{9A19103F-16F7-4668-BE54-9A1E7A4F7556}") = "Lecture1b.1", "Lecture2.1\Lecture1b.1.csproj", "{0B0474C0-821F-4E94-8F05-687A0E842E81}"
EndProject
Project("{9A19103F-16F7-4668-BE54-9A1E7A4F7556}") = "Lecture1b.2", "Lecture2.2\Lecture1b.2.csproj", "{8F4DBD31-53D4-4582-8902-ECB61752237E}"
EndProject
Global
	GlobalSection(SolutionConfigurationPlatforms) = preSolution
		Debug|Any CPU = Debug|Any CPU
		Release|Any CPU = Release|Any CPU
	EndGlobalSection
	GlobalSection(ProjectConfigurationPlatforms) = postSolution
		{5CAE94D8-0675-4A0F-886D-1A73E6F1EDA9}.Debug|Any CPU.ActiveCfg = Debug|Any CPU
		{5CAE94D8-0675-4A0F-886D-1A73E6F1EDA9}.Debug|Any CPU.Build.0 = Debug|Any CPU
		{5CAE94D8-0675-4A0F-886D-1A73E6F1EDA9}.Release|Any CPU.ActiveCfg = Release|Any CPU
		{5CAE94D8-0675-4A0F-886D-1A73E6F1EDA9}.Release|Any CPU.Build.0 = Release|Any CPU
		{0B0474C0-821F-4E94-8F05-687A0E842E81}.Debug|Any CPU.ActiveCfg = Debug|Any CPU
		{0B0474C0-821F-4E94-8F05-687A0E842E81}.Debug|Any CPU.Build.0 = Debug|Any CPU
		{0B0474C0-821F-4E94-8F05-687A0E842E81}.Release|Any CPU.ActiveCfg = Release|Any CPU
		{0B0474C0-821F-4E94-8F05-687A0E842E81}.Release|Any CPU.Build.0 = Release|Any CPU
		{8F4DBD31-53D4-4582-8902-ECB61752237E}.Debug|Any CPU.ActiveCfg = Debug|Any CPU
		{8F4DBD31-53D4-4582-8902-ECB61752237E}.Debug|Any CPU.Build.0 = Debug|Any CPU
		{8F4DBD31-53D4-4582-8902-ECB61752237E}.Release|Any CPU.ActiveCfg = Release|Any CPU
		{8F4DBD31-53D4-4582-8902-ECB61752237E}.Release|Any CPU.Build.0 = Release|Any CPU
	EndGlobalSection
	GlobalSection(SolutionProperties) = preSolution
		HideSolutionNode = FALSE
	EndGlobalSection
	GlobalSection(ExtensibilityGlobals) = postSolution
		SolutionGuid = {92C00023-93E0-475C-8120-FE689C3E431F}
	EndGlobalSection
EndGlobal
