
Microsoft Visual Studio Solution File, Format Version 12.00
# Visual Studio Version 16
VisualStudioVersion = 16.0.30320.27
MinimumVisualStudioVersion = 10.0.40219.1
Project("{FAE04EC0-301F-11D3-BF4B-00C04F79EFBC}") = "meri_mattila_interviewdemo", "meri_mattila_interviewdemo\meri_mattila_interviewdemo.csproj", "{DE861287-1F07-4887-9D7F-56F8DE53E8E0}"
EndProject
Global
	GlobalSection(SolutionConfigurationPlatforms) = preSolution
		Debug|Any CPU = Debug|Any CPU
		Release|Any CPU = Release|Any CPU
	EndGlobalSection
	GlobalSection(ProjectConfigurationPlatforms) = postSolution
		{DE861287-1F07-4887-9D7F-56F8DE53E8E0}.Debug|Any CPU.ActiveCfg = Debug|Any CPU
		{DE861287-1F07-4887-9D7F-56F8DE53E8E0}.Debug|Any CPU.Build.0 = Debug|Any CPU
		{DE861287-1F07-4887-9D7F-56F8DE53E8E0}.Release|Any CPU.ActiveCfg = Release|Any CPU
		{DE861287-1F07-4887-9D7F-56F8DE53E8E0}.Release|Any CPU.Build.0 = Release|Any CPU
	EndGlobalSection
	GlobalSection(SolutionProperties) = preSolution
		HideSolutionNode = FALSE
	EndGlobalSection
	GlobalSection(ExtensibilityGlobals) = postSolution
		SolutionGuid = {1056F53B-741E-4EA3-920D-BE48EFDC8C8F}
	EndGlobalSection
EndGlobal
