
Microsoft Visual Studio Solution File, Format Version 12.00
# Visual Studio Version 16
VisualStudioVersion = 16.0.30330.147
MinimumVisualStudioVersion = 10.0.40219.1
Project("{FAE04EC0-301F-11D3-BF4B-00C04F79EFBC}") = "Homework7", "Homework7\Homework7.csproj", "{1263EEE3-FF97-4F5F-83B7-0B7CE1363D49}"
EndProject
Global
	GlobalSection(SolutionConfigurationPlatforms) = preSolution
		Debug|Any CPU = Debug|Any CPU
		Release|Any CPU = Release|Any CPU
	EndGlobalSection
	GlobalSection(ProjectConfigurationPlatforms) = postSolution
		{1263EEE3-FF97-4F5F-83B7-0B7CE1363D49}.Debug|Any CPU.ActiveCfg = Debug|Any CPU
		{1263EEE3-FF97-4F5F-83B7-0B7CE1363D49}.Debug|Any CPU.Build.0 = Debug|Any CPU
		{1263EEE3-FF97-4F5F-83B7-0B7CE1363D49}.Release|Any CPU.ActiveCfg = Release|Any CPU
		{1263EEE3-FF97-4F5F-83B7-0B7CE1363D49}.Release|Any CPU.Build.0 = Release|Any CPU
	EndGlobalSection
	GlobalSection(SolutionProperties) = preSolution
		HideSolutionNode = FALSE
	EndGlobalSection
	GlobalSection(ExtensibilityGlobals) = postSolution
		SolutionGuid = {C244F09E-91E1-4126-BE0A-16AD1EB61E9E}
	EndGlobalSection
EndGlobal
