
Microsoft Visual Studio Solution File, Format Version 12.00
# Visual Studio Version 16
VisualStudioVersion = 16.0.30330.147
MinimumVisualStudioVersion = 10.0.40219.1
Project("{FAE04EC0-301F-11D3-BF4B-00C04F79EFBC}") = "Homework2", "Homework2\Homework2.csproj", "{3FD92D55-336B-467E-95F6-B0482C6B0C85}"
EndProject
Global
	GlobalSection(SolutionConfigurationPlatforms) = preSolution
		Debug|Any CPU = Debug|Any CPU
		Release|Any CPU = Release|Any CPU
	EndGlobalSection
	GlobalSection(ProjectConfigurationPlatforms) = postSolution
		{3FD92D55-336B-467E-95F6-B0482C6B0C85}.Debug|Any CPU.ActiveCfg = Debug|Any CPU
		{3FD92D55-336B-467E-95F6-B0482C6B0C85}.Debug|Any CPU.Build.0 = Debug|Any CPU
		{3FD92D55-336B-467E-95F6-B0482C6B0C85}.Release|Any CPU.ActiveCfg = Release|Any CPU
		{3FD92D55-336B-467E-95F6-B0482C6B0C85}.Release|Any CPU.Build.0 = Release|Any CPU
	EndGlobalSection
	GlobalSection(SolutionProperties) = preSolution
		HideSolutionNode = FALSE
	EndGlobalSection
	GlobalSection(ExtensibilityGlobals) = postSolution
		SolutionGuid = {FF6D172C-0C27-4862-B47D-6D59B4C7DBB8}
	EndGlobalSection
EndGlobal
