
Microsoft Visual Studio Solution File, Format Version 12.00
# Visual Studio Version 16
VisualStudioVersion = 16.0.30330.147
MinimumVisualStudioVersion = 10.0.40219.1
Project("{FAE04EC0-301F-11D3-BF4B-00C04F79EFBC}") = "Lecture 3a", "Lecture 3a\Lecture 3a.csproj", "{A56AA4E5-26B5-4A87-ABD2-78CC6150F5CA}"
EndProject
Project("{FAE04EC0-301F-11D3-BF4B-00C04F79EFBC}") = "Exercise 3a.2", "Exercise 3a.2\Exercise 3a.2.csproj", "{110418A2-58E7-45B8-95D0-EB7CF7D8CE0D}"
EndProject
Project("{FAE04EC0-301F-11D3-BF4B-00C04F79EFBC}") = "Exercise 3a.3", "Exercise 3a.3\Exercise 3a.3.csproj", "{6B797AD4-5E5F-4480-9F4C-99FFD6641186}"
EndProject
Global
	GlobalSection(SolutionConfigurationPlatforms) = preSolution
		Debug|Any CPU = Debug|Any CPU
		Release|Any CPU = Release|Any CPU
	EndGlobalSection
	GlobalSection(ProjectConfigurationPlatforms) = postSolution
		{A56AA4E5-26B5-4A87-ABD2-78CC6150F5CA}.Debug|Any CPU.ActiveCfg = Debug|Any CPU
		{A56AA4E5-26B5-4A87-ABD2-78CC6150F5CA}.Debug|Any CPU.Build.0 = Debug|Any CPU
		{A56AA4E5-26B5-4A87-ABD2-78CC6150F5CA}.Release|Any CPU.ActiveCfg = Release|Any CPU
		{A56AA4E5-26B5-4A87-ABD2-78CC6150F5CA}.Release|Any CPU.Build.0 = Release|Any CPU
		{110418A2-58E7-45B8-95D0-EB7CF7D8CE0D}.Debug|Any CPU.ActiveCfg = Debug|Any CPU
		{110418A2-58E7-45B8-95D0-EB7CF7D8CE0D}.Debug|Any CPU.Build.0 = Debug|Any CPU
		{110418A2-58E7-45B8-95D0-EB7CF7D8CE0D}.Release|Any CPU.ActiveCfg = Release|Any CPU
		{110418A2-58E7-45B8-95D0-EB7CF7D8CE0D}.Release|Any CPU.Build.0 = Release|Any CPU
		{6B797AD4-5E5F-4480-9F4C-99FFD6641186}.Debug|Any CPU.ActiveCfg = Debug|Any CPU
		{6B797AD4-5E5F-4480-9F4C-99FFD6641186}.Debug|Any CPU.Build.0 = Debug|Any CPU
		{6B797AD4-5E5F-4480-9F4C-99FFD6641186}.Release|Any CPU.ActiveCfg = Release|Any CPU
		{6B797AD4-5E5F-4480-9F4C-99FFD6641186}.Release|Any CPU.Build.0 = Release|Any CPU
	EndGlobalSection
	GlobalSection(SolutionProperties) = preSolution
		HideSolutionNode = FALSE
	EndGlobalSection
	GlobalSection(ExtensibilityGlobals) = postSolution
		SolutionGuid = {10B9358E-2C2E-4A0F-84EC-F344669553D3}
	EndGlobalSection
EndGlobal
