
Microsoft Visual Studio Solution File, Format Version 12.00
# Visual Studio Version 16
VisualStudioVersion = 16.0.30320.27
MinimumVisualStudioVersion = 10.0.40219.1
Project("{FAE04EC0-301F-11D3-BF4B-00C04F79EFBC}") = "Speed Typer", "Speed Typer\Speed Typer.csproj", "{9D62CB07-91DB-4993-A58E-4601F00A3C50}"
EndProject
Global
	GlobalSection(SolutionConfigurationPlatforms) = preSolution
		Debug|Any CPU = Debug|Any CPU
		Release|Any CPU = Release|Any CPU
	EndGlobalSection
	GlobalSection(ProjectConfigurationPlatforms) = postSolution
		{9D62CB07-91DB-4993-A58E-4601F00A3C50}.Debug|Any CPU.ActiveCfg = Debug|Any CPU
		{9D62CB07-91DB-4993-A58E-4601F00A3C50}.Debug|Any CPU.Build.0 = Debug|Any CPU
		{9D62CB07-91DB-4993-A58E-4601F00A3C50}.Release|Any CPU.ActiveCfg = Release|Any CPU
		{9D62CB07-91DB-4993-A58E-4601F00A3C50}.Release|Any CPU.Build.0 = Release|Any CPU
	EndGlobalSection
	GlobalSection(SolutionProperties) = preSolution
		HideSolutionNode = FALSE
	EndGlobalSection
	GlobalSection(ExtensibilityGlobals) = postSolution
		SolutionGuid = {73FCCCC4-2DCD-44ED-85E6-BCF8E1AE5744}
	EndGlobalSection
EndGlobal
